// !$*UTF8*$!
{
	archiveVersion = 1;
	classes = {
	};
	objectVersion = 46;
	objects = {

/* Begin PBXBuildFile section */
		47FDCD9DFEAFF8E53DC67AD9 /* libPods-locationSaverTests.a in Frameworks */ = {isa = PBXBuildFile; fileRef = 0A9330E9DDF3D47B8CBBE44B /* libPods-locationSaverTests.a */; };
		59064A453AA1FEBDA8D52C3E /* libPods-locationSaver.a in Frameworks */ = {isa = PBXBuildFile; fileRef = BDBCBB8D0223BD3C8634090E /* libPods-locationSaver.a */; };
		FD1236AE1DBBD6DC005648F2 /* main.m in Sources */ = {isa = PBXBuildFile; fileRef = FD1236AD1DBBD6DC005648F2 /* main.m */; };
		FD1236B11DBBD6DC005648F2 /* AppDelegate.m in Sources */ = {isa = PBXBuildFile; fileRef = FD1236B01DBBD6DC005648F2 /* AppDelegate.m */; };
		FD1236B41DBBD6DC005648F2 /* ViewController.m in Sources */ = {isa = PBXBuildFile; fileRef = FD1236B31DBBD6DC005648F2 /* ViewController.m */; };
		FD1236B71DBBD6DC005648F2 /* Main.storyboard in Resources */ = {isa = PBXBuildFile; fileRef = FD1236B51DBBD6DC005648F2 /* Main.storyboard */; };
		FD1236B91DBBD6DC005648F2 /* Assets.xcassets in Resources */ = {isa = PBXBuildFile; fileRef = FD1236B81DBBD6DC005648F2 /* Assets.xcassets */; };
		FD1236BC1DBBD6DC005648F2 /* LaunchScreen.storyboard in Resources */ = {isa = PBXBuildFile; fileRef = FD1236BA1DBBD6DC005648F2 /* LaunchScreen.storyboard */; };
		FD1236C71DBBD6DC005648F2 /* locationSaverTests.m in Sources */ = {isa = PBXBuildFile; fileRef = FD1236C61DBBD6DC005648F2 /* locationSaverTests.m */; };
		FD1236D21DBBD6DC005648F2 /* locationSaverUITests.m in Sources */ = {isa = PBXBuildFile; fileRef = FD1236D11DBBD6DC005648F2 /* locationSaverUITests.m */; };
		FD69293E1DBC19500017DF3E /* consumer.m in Sources */ = {isa = PBXBuildFile; fileRef = FD69293D1DBC19500017DF3E /* consumer.m */; };
		FD6929411DBC27780017DF3E /* barcodeTest.m in Sources */ = {isa = PBXBuildFile; fileRef = FD6929401DBC27780017DF3E /* barcodeTest.m */; };
		FD6929511DBC82000017DF3E /* productViewController.m in Sources */ = {isa = PBXBuildFile; fileRef = FD6929501DBC82000017DF3E /* productViewController.m */; };
/* End PBXBuildFile section */

/* Begin PBXContainerItemProxy section */
		FD1236C31DBBD6DC005648F2 /* PBXContainerItemProxy */ = {
			isa = PBXContainerItemProxy;
			containerPortal = FD1236A11DBBD6DC005648F2 /* Project object */;
			proxyType = 1;
			remoteGlobalIDString = FD1236A81DBBD6DC005648F2;
			remoteInfo = locationSaver;
		};
		FD1236CE1DBBD6DC005648F2 /* PBXContainerItemProxy */ = {
			isa = PBXContainerItemProxy;
			containerPortal = FD1236A11DBBD6DC005648F2 /* Project object */;
			proxyType = 1;
			remoteGlobalIDString = FD1236A81DBBD6DC005648F2;
			remoteInfo = locationSaver;
		};
/* End PBXContainerItemProxy section */

/* Begin PBXFileReference section */
		0A9330E9DDF3D47B8CBBE44B /* libPods-locationSaverTests.a */ = {isa = PBXFileReference; explicitFileType = archive.ar; includeInIndex = 0; path = "libPods-locationSaverTests.a"; sourceTree = BUILT_PRODUCTS_DIR; };
		A383FB63DA335ACBDCE4D2DF /* Pods-locationSaver.release.xcconfig */ = {isa = PBXFileReference; includeInIndex = 1; lastKnownFileType = text.xcconfig; name = "Pods-locationSaver.release.xcconfig"; path = "Pods/Target Support Files/Pods-locationSaver/Pods-locationSaver.release.xcconfig"; sourceTree = "<group>"; };
		A8241811EDAE55F1FC8F67F4 /* Pods-locationSaver.debug.xcconfig */ = {isa = PBXFileReference; includeInIndex = 1; lastKnownFileType = text.xcconfig; name = "Pods-locationSaver.debug.xcconfig"; path = "Pods/Target Support Files/Pods-locationSaver/Pods-locationSaver.debug.xcconfig"; sourceTree = "<group>"; };
		ABB17C01DF59C6AAD238D427 /* Pods-locationSaverTests.debug.xcconfig */ = {isa = PBXFileReference; includeInIndex = 1; lastKnownFileType = text.xcconfig; name = "Pods-locationSaverTests.debug.xcconfig"; path = "Pods/Target Support Files/Pods-locationSaverTests/Pods-locationSaverTests.debug.xcconfig"; sourceTree = "<group>"; };
		BDBCBB8D0223BD3C8634090E /* libPods-locationSaver.a */ = {isa = PBXFileReference; explicitFileType = archive.ar; includeInIndex = 0; path = "libPods-locationSaver.a"; sourceTree = BUILT_PRODUCTS_DIR; };
		CABC6F6BEE081EE966C3917F /* Pods-locationSaverTests.release.xcconfig */ = {isa = PBXFileReference; includeInIndex = 1; lastKnownFileType = text.xcconfig; name = "Pods-locationSaverTests.release.xcconfig"; path = "Pods/Target Support Files/Pods-locationSaverTests/Pods-locationSaverTests.release.xcconfig"; sourceTree = "<group>"; };
		FD1236A91DBBD6DC005648F2 /* locationSaver.app */ = {isa = PBXFileReference; explicitFileType = wrapper.application; includeInIndex = 0; path = locationSaver.app; sourceTree = BUILT_PRODUCTS_DIR; };
		FD1236AD1DBBD6DC005648F2 /* main.m */ = {isa = PBXFileReference; lastKnownFileType = sourcecode.c.objc; path = main.m; sourceTree = "<group>"; };
		FD1236AF1DBBD6DC005648F2 /* AppDelegate.h */ = {isa = PBXFileReference; lastKnownFileType = sourcecode.c.h; path = AppDelegate.h; sourceTree = "<group>"; };
		FD1236B01DBBD6DC005648F2 /* AppDelegate.m */ = {isa = PBXFileReference; lastKnownFileType = sourcecode.c.objc; path = AppDelegate.m; sourceTree = "<group>"; };
		FD1236B21DBBD6DC005648F2 /* ViewController.h */ = {isa = PBXFileReference; lastKnownFileType = sourcecode.c.h; path = ViewController.h; sourceTree = "<group>"; };
		FD1236B31DBBD6DC005648F2 /* ViewController.m */ = {isa = PBXFileReference; lastKnownFileType = sourcecode.c.objc; path = ViewController.m; sourceTree = "<group>"; };
		FD1236B61DBBD6DC005648F2 /* Base */ = {isa = PBXFileReference; lastKnownFileType = file.storyboard; name = Base; path = Base.lproj/Main.storyboard; sourceTree = "<group>"; };
		FD1236B81DBBD6DC005648F2 /* Assets.xcassets */ = {isa = PBXFileReference; lastKnownFileType = folder.assetcatalog; path = Assets.xcassets; sourceTree = "<group>"; };
		FD1236BB1DBBD6DC005648F2 /* Base */ = {isa = PBXFileReference; lastKnownFileType = file.storyboard; name = Base; path = Base.lproj/LaunchScreen.storyboard; sourceTree = "<group>"; };
		FD1236BD1DBBD6DC005648F2 /* Info.plist */ = {isa = PBXFileReference; lastKnownFileType = text.plist.xml; path = Info.plist; sourceTree = "<group>"; };
		FD1236C21DBBD6DC005648F2 /* locationSaverTests.xctest */ = {isa = PBXFileReference; explicitFileType = wrapper.cfbundle; includeInIndex = 0; path = locationSaverTests.xctest; sourceTree = BUILT_PRODUCTS_DIR; };
		FD1236C61DBBD6DC005648F2 /* locationSaverTests.m */ = {isa = PBXFileReference; lastKnownFileType = sourcecode.c.objc; path = locationSaverTests.m; sourceTree = "<group>"; };
		FD1236C81DBBD6DC005648F2 /* Info.plist */ = {isa = PBXFileReference; lastKnownFileType = text.plist.xml; path = Info.plist; sourceTree = "<group>"; };
		FD1236CD1DBBD6DC005648F2 /* locationSaverUITests.xctest */ = {isa = PBXFileReference; explicitFileType = wrapper.cfbundle; includeInIndex = 0; path = locationSaverUITests.xctest; sourceTree = BUILT_PRODUCTS_DIR; };
		FD1236D11DBBD6DC005648F2 /* locationSaverUITests.m */ = {isa = PBXFileReference; lastKnownFileType = sourcecode.c.objc; path = locationSaverUITests.m; sourceTree = "<group>"; };
		FD1236D31DBBD6DC005648F2 /* Info.plist */ = {isa = PBXFileReference; lastKnownFileType = text.plist.xml; path = Info.plist; sourceTree = "<group>"; };
		FD69293C1DBC19500017DF3E /* consumer.h */ = {isa = PBXFileReference; fileEncoding = 4; lastKnownFileType = sourcecode.c.h; path = consumer.h; sourceTree = "<group>"; };
		FD69293D1DBC19500017DF3E /* consumer.m */ = {isa = PBXFileReference; fileEncoding = 4; lastKnownFileType = sourcecode.c.objc; path = consumer.m; sourceTree = "<group>"; };
		FD69293F1DBC27780017DF3E /* barcodeTest.h */ = {isa = PBXFileReference; fileEncoding = 4; lastKnownFileType = sourcecode.c.h; path = barcodeTest.h; sourceTree = "<group>"; };
		FD6929401DBC27780017DF3E /* barcodeTest.m */ = {isa = PBXFileReference; fileEncoding = 4; lastKnownFileType = sourcecode.c.objc; path = barcodeTest.m; sourceTree = "<group>"; };
		FD69294F1DBC82000017DF3E /* productViewController.h */ = {isa = PBXFileReference; fileEncoding = 4; lastKnownFileType = sourcecode.c.h; path = productViewController.h; sourceTree = "<group>"; };
		FD6929501DBC82000017DF3E /* productViewController.m */ = {isa = PBXFileReference; fileEncoding = 4; lastKnownFileType = sourcecode.c.objc; path = productViewController.m; sourceTree = "<group>"; };
/* End PBXFileReference section */

/* Begin PBXFrameworksBuildPhase section */
		FD1236A61DBBD6DC005648F2 /* Frameworks */ = {
			isa = PBXFrameworksBuildPhase;
			buildActionMask = 2147483647;
			files = (
				59064A453AA1FEBDA8D52C3E /* libPods-locationSaver.a in Frameworks */,
			);
			runOnlyForDeploymentPostprocessing = 0;
		};
		FD1236BF1DBBD6DC005648F2 /* Frameworks */ = {
			isa = PBXFrameworksBuildPhase;
			buildActionMask = 2147483647;
			files = (
				47FDCD9DFEAFF8E53DC67AD9 /* libPods-locationSaverTests.a in Frameworks */,
			);
			runOnlyForDeploymentPostprocessing = 0;
		};
		FD1236CA1DBBD6DC005648F2 /* Frameworks */ = {
			isa = PBXFrameworksBuildPhase;
			buildActionMask = 2147483647;
			files = (
			);
			runOnlyForDeploymentPostprocessing = 0;
		};
/* End PBXFrameworksBuildPhase section */

/* Begin PBXGroup section */
		08EB0F7BBF196EF381501DC9 /* Pods */ = {
			isa = PBXGroup;
			children = (
				A8241811EDAE55F1FC8F67F4 /* Pods-locationSaver.debug.xcconfig */,
				A383FB63DA335ACBDCE4D2DF /* Pods-locationSaver.release.xcconfig */,
				ABB17C01DF59C6AAD238D427 /* Pods-locationSaverTests.debug.xcconfig */,
				CABC6F6BEE081EE966C3917F /* Pods-locationSaverTests.release.xcconfig */,
			);
			name = Pods;
			sourceTree = "<group>";
		};
		0DB54F31514DAC9648C82085 /* Frameworks */ = {
			isa = PBXGroup;
			children = (
				BDBCBB8D0223BD3C8634090E /* libPods-locationSaver.a */,
				0A9330E9DDF3D47B8CBBE44B /* libPods-locationSaverTests.a */,
			);
			name = Frameworks;
			sourceTree = "<group>";
		};
		FD1236A01DBBD6DC005648F2 = {
			isa = PBXGroup;
			children = (
				FD1236AB1DBBD6DC005648F2 /* locationSaver */,
				FD1236C51DBBD6DC005648F2 /* locationSaverTests */,
				FD1236D01DBBD6DC005648F2 /* locationSaverUITests */,
				FD1236AA1DBBD6DC005648F2 /* Products */,
				08EB0F7BBF196EF381501DC9 /* Pods */,
				0DB54F31514DAC9648C82085 /* Frameworks */,
			);
			sourceTree = "<group>";
		};
		FD1236AA1DBBD6DC005648F2 /* Products */ = {
			isa = PBXGroup;
			children = (
				FD1236A91DBBD6DC005648F2 /* locationSaver.app */,
				FD1236C21DBBD6DC005648F2 /* locationSaverTests.xctest */,
				FD1236CD1DBBD6DC005648F2 /* locationSaverUITests.xctest */,
			);
			name = Products;
			sourceTree = "<group>";
		};
		FD1236AB1DBBD6DC005648F2 /* locationSaver */ = {
			isa = PBXGroup;
			children = (
				FD69293C1DBC19500017DF3E /* consumer.h */,
				FD69293D1DBC19500017DF3E /* consumer.m */,
				FD69294F1DBC82000017DF3E /* productViewController.h */,
				FD6929501DBC82000017DF3E /* productViewController.m */,
				FD1236AF1DBBD6DC005648F2 /* AppDelegate.h */,
				FD1236B01DBBD6DC005648F2 /* AppDelegate.m */,
				FD1236B21DBBD6DC005648F2 /* ViewController.h */,
				FD1236B31DBBD6DC005648F2 /* ViewController.m */,
				FD1236B51DBBD6DC005648F2 /* Main.storyboard */,
				FD69293F1DBC27780017DF3E /* barcodeTest.h */,
				FD6929401DBC27780017DF3E /* barcodeTest.m */,
				FD1236B81DBBD6DC005648F2 /* Assets.xcassets */,
				FD1236BA1DBBD6DC005648F2 /* LaunchScreen.storyboard */,
				FD1236BD1DBBD6DC005648F2 /* Info.plist */,
				FD1236AC1DBBD6DC005648F2 /* Supporting Files */,
			);
			path = locationSaver;
			sourceTree = "<group>";
		};
		FD1236AC1DBBD6DC005648F2 /* Supporting Files */ = {
			isa = PBXGroup;
			children = (
				FD1236AD1DBBD6DC005648F2 /* main.m */,
			);
			name = "Supporting Files";
			sourceTree = "<group>";
		};
		FD1236C51DBBD6DC005648F2 /* locationSaverTests */ = {
			isa = PBXGroup;
			children = (
				FD1236C61DBBD6DC005648F2 /* locationSaverTests.m */,
				FD1236C81DBBD6DC005648F2 /* Info.plist */,
			);
			path = locationSaverTests;
			sourceTree = "<group>";
		};
		FD1236D01DBBD6DC005648F2 /* locationSaverUITests */ = {
			isa = PBXGroup;
			children = (
				FD1236D11DBBD6DC005648F2 /* locationSaverUITests.m */,
				FD1236D31DBBD6DC005648F2 /* Info.plist */,
			);
			path = locationSaverUITests;
			sourceTree = "<group>";
		};
/* End PBXGroup section */

/* Begin PBXNativeTarget section */
		FD1236A81DBBD6DC005648F2 /* locationSaver */ = {
			isa = PBXNativeTarget;
			buildConfigurationList = FD1236D61DBBD6DC005648F2 /* Build configuration list for PBXNativeTarget "locationSaver" */;
			buildPhases = (
				0E22A120BC050A3B53991917 /* [CP] Check Pods Manifest.lock */,
				FD1236A51DBBD6DC005648F2 /* Sources */,
				FD1236A61DBBD6DC005648F2 /* Frameworks */,
				FD1236A71DBBD6DC005648F2 /* Resources */,
				5B9C041C9E10F0B06174C12B /* [CP] Embed Pods Frameworks */,
				F755A2ED2658AFE4F65C1B10 /* [CP] Copy Pods Resources */,
			);
			buildRules = (
			);
			dependencies = (
			);
			name = locationSaver;
			productName = locationSaver;
			productReference = FD1236A91DBBD6DC005648F2 /* locationSaver.app */;
			productType = "com.apple.product-type.application";
		};
		FD1236C11DBBD6DC005648F2 /* locationSaverTests */ = {
			isa = PBXNativeTarget;
			buildConfigurationList = FD1236D91DBBD6DC005648F2 /* Build configuration list for PBXNativeTarget "locationSaverTests" */;
			buildPhases = (
				A54861F0B460D8415BC59418 /* [CP] Check Pods Manifest.lock */,
				FD1236BE1DBBD6DC005648F2 /* Sources */,
				FD1236BF1DBBD6DC005648F2 /* Frameworks */,
				FD1236C01DBBD6DC005648F2 /* Resources */,
				B4E2A279393F6DEEE7FDF73A /* [CP] Embed Pods Frameworks */,
				BB5986786F559E135D4E7256 /* [CP] Copy Pods Resources */,
			);
			buildRules = (
			);
			dependencies = (
				FD1236C41DBBD6DC005648F2 /* PBXTargetDependency */,
			);
			name = locationSaverTests;
			productName = locationSaverTests;
			productReference = FD1236C21DBBD6DC005648F2 /* locationSaverTests.xctest */;
			productType = "com.apple.product-type.bundle.unit-test";
		};
		FD1236CC1DBBD6DC005648F2 /* locationSaverUITests */ = {
			isa = PBXNativeTarget;
			buildConfigurationList = FD1236DC1DBBD6DC005648F2 /* Build configuration list for PBXNativeTarget "locationSaverUITests" */;
			buildPhases = (
				FD1236C91DBBD6DC005648F2 /* Sources */,
				FD1236CA1DBBD6DC005648F2 /* Frameworks */,
				FD1236CB1DBBD6DC005648F2 /* Resources */,
			);
			buildRules = (
			);
			dependencies = (
				FD1236CF1DBBD6DC005648F2 /* PBXTargetDependency */,
			);
			name = locationSaverUITests;
			productName = locationSaverUITests;
			productReference = FD1236CD1DBBD6DC005648F2 /* locationSaverUITests.xctest */;
			productType = "com.apple.product-type.bundle.ui-testing";
		};
/* End PBXNativeTarget section */

/* Begin PBXProject section */
		FD1236A11DBBD6DC005648F2 /* Project object */ = {
			isa = PBXProject;
			attributes = {
				LastUpgradeCheck = 0720;
				ORGANIZATIONNAME = "Tolga Beser";
				TargetAttributes = {
					FD1236A81DBBD6DC005648F2 = {
						CreatedOnToolsVersion = 7.2;
						DevelopmentTeam = W82EHQ5KSA;
					};
					FD1236C11DBBD6DC005648F2 = {
						CreatedOnToolsVersion = 7.2;
						DevelopmentTeam = 2SGHEF48JW;
						TestTargetID = FD1236A81DBBD6DC005648F2;
					};
					FD1236CC1DBBD6DC005648F2 = {
						CreatedOnToolsVersion = 7.2;
						DevelopmentTeam = 2SGHEF48JW;
						TestTargetID = FD1236A81DBBD6DC005648F2;
					};
				};
			};
			buildConfigurationList = FD1236A41DBBD6DC005648F2 /* Build configuration list for PBXProject "locationSaver" */;
			compatibilityVersion = "Xcode 3.2";
			developmentRegion = English;
			hasScannedForEncodings = 0;
			knownRegions = (
				en,
				Base,
			);
			mainGroup = FD1236A01DBBD6DC005648F2;
			productRefGroup = FD1236AA1DBBD6DC005648F2 /* Products */;
			projectDirPath = "";
			projectRoot = "";
			targets = (
				FD1236A81DBBD6DC005648F2 /* locationSaver */,
				FD1236C11DBBD6DC005648F2 /* locationSaverTests */,
				FD1236CC1DBBD6DC005648F2 /* locationSaverUITests */,
			);
		};
/* End PBXProject section */

/* Begin PBXResourcesBuildPhase section */
		FD1236A71DBBD6DC005648F2 /* Resources */ = {
			isa = PBXResourcesBuildPhase;
			buildActionMask = 2147483647;
			files = (
				FD1236BC1DBBD6DC005648F2 /* LaunchScreen.storyboard in Resources */,
				FD1236B91DBBD6DC005648F2 /* Assets.xcassets in Resources */,
				FD1236B71DBBD6DC005648F2 /* Main.storyboard in Resources */,
			);
			runOnlyForDeploymentPostprocessing = 0;
		};
		FD1236C01DBBD6DC005648F2 /* Resources */ = {
			isa = PBXResourcesBuildPhase;
			buildActionMask = 2147483647;
			files = (
			);
			runOnlyForDeploymentPostprocessing = 0;
		};
		FD1236CB1DBBD6DC005648F2 /* Resources */ = {
			isa = PBXResourcesBuildPhase;
			buildActionMask = 2147483647;
			files = (
			);
			runOnlyForDeploymentPostprocessing = 0;
		};
/* End PBXResourcesBuildPhase section */

/* Begin PBXShellScriptBuildPhase section */
		0E22A120BC050A3B53991917 /* [CP] Check Pods Manifest.lock */ = {
			isa = PBXShellScriptBuildPhase;
			buildActionMask = 2147483647;
			files = (
			);
			inputPaths = (
			);
			name = "[CP] Check Pods Manifest.lock";
			outputPaths = (
			);
			runOnlyForDeploymentPostprocessing = 0;
			shellPath = /bin/sh;
			shellScript = "diff \"${PODS_ROOT}/../Podfile.lock\" \"${PODS_ROOT}/Manifest.lock\" > /dev/null\nif [[ $? != 0 ]] ; then\n    cat << EOM\nerror: The sandbox is not in sync with the Podfile.lock. Run 'pod install' or update your CocoaPods installation.\nEOM\n    exit 1\nfi\n";
			showEnvVarsInLog = 0;
		};
		5B9C041C9E10F0B06174C12B /* [CP] Embed Pods Frameworks */ = {
			isa = PBXShellScriptBuildPhase;
			buildActionMask = 2147483647;
			files = (
			);
			inputPaths = (
			);
			name = "[CP] Embed Pods Frameworks";
			outputPaths = (
			);
			runOnlyForDeploymentPostprocessing = 0;
			shellPath = /bin/sh;
			shellScript = "\"${SRCROOT}/Pods/Target Support Files/Pods-locationSaver/Pods-locationSaver-frameworks.sh\"\n";
			showEnvVarsInLog = 0;
		};
		A54861F0B460D8415BC59418 /* [CP] Check Pods Manifest.lock */ = {
			isa = PBXShellScriptBuildPhase;
			buildActionMask = 2147483647;
			files = (
			);
			inputPaths = (
			);
			name = "[CP] Check Pods Manifest.lock";
			outputPaths = (
			);
			runOnlyForDeploymentPostprocessing = 0;
			shellPath = /bin/sh;
			shellScript = "diff \"${PODS_ROOT}/../Podfile.lock\" \"${PODS_ROOT}/Manifest.lock\" > /dev/null\nif [[ $? != 0 ]] ; then\n    cat << EOM\nerror: The sandbox is not in sync with the Podfile.lock. Run 'pod install' or update your CocoaPods installation.\nEOM\n    exit 1\nfi\n";
			showEnvVarsInLog = 0;
		};
		B4E2A279393F6DEEE7FDF73A /* [CP] Embed Pods Frameworks */ = {
			isa = PBXShellScriptBuildPhase;
			buildActionMask = 2147483647;
			files = (
			);
			inputPaths = (
			);
			name = "[CP] Embed Pods Frameworks";
			outputPaths = (
			);
			runOnlyForDeploymentPostprocessing = 0;
			shellPath = /bin/sh;
			shellScript = "\"${SRCROOT}/Pods/Target Support Files/Pods-locationSaverTests/Pods-locationSaverTests-frameworks.sh\"\n";
			showEnvVarsInLog = 0;
		};
		BB5986786F559E135D4E7256 /* [CP] Copy Pods Resources */ = {
			isa = PBXShellScriptBuildPhase;
			buildActionMask = 2147483647;
			files = (
			);
			inputPaths = (
			);
			name = "[CP] Copy Pods Resources";
			outputPaths = (
			);
			runOnlyForDeploymentPostprocessing = 0;
			shellPath = /bin/sh;
			shellScript = "\"${SRCROOT}/Pods/Target Support Files/Pods-locationSaverTests/Pods-locationSaverTests-resources.sh\"\n";
			showEnvVarsInLog = 0;
		};
		F755A2ED2658AFE4F65C1B10 /* [CP] Copy Pods Resources */ = {
			isa = PBXShellScriptBuildPhase;
			buildActionMask = 2147483647;
			files = (
			);
			inputPaths = (
			);
			name = "[CP] Copy Pods Resources";
			outputPaths = (
			);
			runOnlyForDeploymentPostprocessing = 0;
			shellPath = /bin/sh;
			shellScript = "\"${SRCROOT}/Pods/Target Support Files/Pods-locationSaver/Pods-locationSaver-resources.sh\"\n";
			showEnvVarsInLog = 0;
		};
/* End PBXShellScriptBuildPhase section */

/* Begin PBXSourcesBuildPhase section */
		FD1236A51DBBD6DC005648F2 /* Sources */ = {
			isa = PBXSourcesBuildPhase;
			buildActionMask = 2147483647;
			files = (
				FD1236B41DBBD6DC005648F2 /* ViewController.m in Sources */,
				FD69293E1DBC19500017DF3E /* consumer.m in Sources */,
				FD6929511DBC82000017DF3E /* productViewController.m in Sources */,
				FD6929411DBC27780017DF3E /* barcodeTest.m in Sources */,
				FD1236B11DBBD6DC005648F2 /* AppDelegate.m in Sources */,
				FD1236AE1DBBD6DC005648F2 /* main.m in Sources */,
			);
			runOnlyForDeploymentPostprocessing = 0;
		};
		FD1236BE1DBBD6DC005648F2 /* Sources */ = {
			isa = PBXSourcesBuildPhase;
			buildActionMask = 2147483647;
			files = (
				FD1236C71DBBD6DC005648F2 /* locationSaverTests.m in Sources */,
			);
			runOnlyForDeploymentPostprocessing = 0;
		};
		FD1236C91DBBD6DC005648F2 /* Sources */ = {
			isa = PBXSourcesBuildPhase;
			buildActionMask = 2147483647;
			files = (
				FD1236D21DBBD6DC005648F2 /* locationSaverUITests.m in Sources */,
			);
			runOnlyForDeploymentPostprocessing = 0;
		};
/* End PBXSourcesBuildPhase section */

/* Begin PBXTargetDependency section */
		FD1236C41DBBD6DC005648F2 /* PBXTargetDependency */ = {
			isa = PBXTargetDependency;
			target = FD1236A81DBBD6DC005648F2 /* locationSaver */;
			targetProxy = FD1236C31DBBD6DC005648F2 /* PBXContainerItemProxy */;
		};
		FD1236CF1DBBD6DC005648F2 /* PBXTargetDependency */ = {
			isa = PBXTargetDependency;
			target = FD1236A81DBBD6DC005648F2 /* locationSaver */;
			targetProxy = FD1236CE1DBBD6DC005648F2 /* PBXContainerItemProxy */;
		};
/* End PBXTargetDependency section */

/* Begin PBXVariantGroup section */
		FD1236B51DBBD6DC005648F2 /* Main.storyboard */ = {
			isa = PBXVariantGroup;
			children = (
				FD1236B61DBBD6DC005648F2 /* Base */,
			);
			name = Main.storyboard;
			sourceTree = "<group>";
		};
		FD1236BA1DBBD6DC005648F2 /* LaunchScreen.storyboard */ = {
			isa = PBXVariantGroup;
			children = (
				FD1236BB1DBBD6DC005648F2 /* Base */,
			);
			name = LaunchScreen.storyboard;
			sourceTree = "<group>";
		};
/* End PBXVariantGroup section */

/* Begin XCBuildConfiguration section */
		FD1236D41DBBD6DC005648F2 /* Debug */ = {
			isa = XCBuildConfiguration;
			buildSettings = {
				ALWAYS_SEARCH_USER_PATHS = NO;
				CLANG_CXX_LANGUAGE_STANDARD = "gnu++0x";
				CLANG_CXX_LIBRARY = "libc++";
				CLANG_ENABLE_MODULES = YES;
				CLANG_ENABLE_OBJC_ARC = YES;
				CLANG_WARN_BOOL_CONVERSION = YES;
				CLANG_WARN_CONSTANT_CONVERSION = YES;
				CLANG_WARN_DIRECT_OBJC_ISA_USAGE = YES_ERROR;
				CLANG_WARN_EMPTY_BODY = YES;
				CLANG_WARN_ENUM_CONVERSION = YES;
				CLANG_WARN_INT_CONVERSION = YES;
				CLANG_WARN_OBJC_ROOT_CLASS = YES_ERROR;
				CLANG_WARN_UNREACHABLE_CODE = YES;
				CLANG_WARN__DUPLICATE_METHOD_MATCH = YES;
				"CODE_SIGN_IDENTITY[sdk=iphoneos*]" = "iPhone Developer";
				COPY_PHASE_STRIP = NO;
				DEBUG_INFORMATION_FORMAT = dwarf;
				ENABLE_STRICT_OBJC_MSGSEND = YES;
				ENABLE_TESTABILITY = YES;
				GCC_C_LANGUAGE_STANDARD = gnu99;
				GCC_DYNAMIC_NO_PIC = NO;
				GCC_NO_COMMON_BLOCKS = YES;
				GCC_OPTIMIZATION_LEVEL = 0;
				GCC_PREPROCESSOR_DEFINITIONS = (
					"DEBUG=1",
					"$(inherited)",
				);
				GCC_WARN_64_TO_32_BIT_CONVERSION = YES;
				GCC_WARN_ABOUT_RETURN_TYPE = YES_ERROR;
				GCC_WARN_UNDECLARED_SELECTOR = YES;
				GCC_WARN_UNINITIALIZED_AUTOS = YES_AGGRESSIVE;
				GCC_WARN_UNUSED_FUNCTION = YES;
				GCC_WARN_UNUSED_VARIABLE = YES;
				IPHONEOS_DEPLOYMENT_TARGET = 9.2;
				MTL_ENABLE_DEBUG_INFO = YES;
				ONLY_ACTIVE_ARCH = YES;
				SDKROOT = iphoneos;
				TARGETED_DEVICE_FAMILY = "1,2";
			};
			name = Debug;
		};
		FD1236D51DBBD6DC005648F2 /* Release */ = {
			isa = XCBuildConfiguration;
			buildSettings = {
				ALWAYS_SEARCH_USER_PATHS = NO;
				CLANG_CXX_LANGUAGE_STANDARD = "gnu++0x";
				CLANG_CXX_LIBRARY = "libc++";
				CLANG_ENABLE_MODULES = YES;
				CLANG_ENABLE_OBJC_ARC = YES;
				CLANG_WARN_BOOL_CONVERSION = YES;
				CLANG_WARN_CONSTANT_CONVERSION = YES;
				CLANG_WARN_DIRECT_OBJC_ISA_USAGE = YES_ERROR;
				CLANG_WARN_EMPTY_BODY = YES;
				CLANG_WARN_ENUM_CONVERSION = YES;
				CLANG_WARN_INT_CONVERSION = YES;
				CLANG_WARN_OBJC_ROOT_CLASS = YES_ERROR;
				CLANG_WARN_UNREACHABLE_CODE = YES;
				CLANG_WARN__DUPLICATE_METHOD_MATCH = YES;
				"CODE_SIGN_IDENTITY[sdk=iphoneos*]" = "iPhone Developer";
				COPY_PHASE_STRIP = NO;
				DEBUG_INFORMATION_FORMAT = "dwarf-with-dsym";
				ENABLE_NS_ASSERTIONS = NO;
				ENABLE_STRICT_OBJC_MSGSEND = YES;
				GCC_C_LANGUAGE_STANDARD = gnu99;
				GCC_NO_COMMON_BLOCKS = YES;
				GCC_WARN_64_TO_32_BIT_CONVERSION = YES;
				GCC_WARN_ABOUT_RETURN_TYPE = YES_ERROR;
				GCC_WARN_UNDECLARED_SELECTOR = YES;
				GCC_WARN_UNINITIALIZED_AUTOS = YES_AGGRESSIVE;
				GCC_WARN_UNUSED_FUNCTION = YES;
				GCC_WARN_UNUSED_VARIABLE = YES;
				IPHONEOS_DEPLOYMENT_TARGET = 9.2;
				MTL_ENABLE_DEBUG_INFO = NO;
				SDKROOT = iphoneos;
				TARGETED_DEVICE_FAMILY = "1,2";
				VALIDATE_PRODUCT = YES;
			};
			name = Release;
		};
		FD1236D71DBBD6DC005648F2 /* Debug */ = {
			isa = XCBuildConfiguration;
			baseConfigurationReference = A8241811EDAE55F1FC8F67F4 /* Pods-locationSaver.debug.xcconfig */;
			buildSettings = {
				ASSETCATALOG_COMPILER_APPICON_NAME = AppIcon;
				CODE_SIGN_IDENTITY = "iPhone Developer";
				"CODE_SIGN_IDENTITY[sdk=iphoneos*]" = "iPhone Developer";
				INFOPLIST_FILE = locationSaver/Info.plist;
				LD_RUNPATH_SEARCH_PATHS = "$(inherited) @executable_path/Frameworks";
				PRODUCT_BUNDLE_IDENTIFIER = TB.locationSaver;
				PRODUCT_NAME = "$(TARGET_NAME)";
				PROVISIONING_PROFILE = "";
			};
			name = Debug;
		};
		FD1236D81DBBD6DC005648F2 /* Release */ = {
			isa = XCBuildConfiguration;
			baseConfigurationReference = A383FB63DA335ACBDCE4D2DF /* Pods-locationSaver.release.xcconfig */;
			buildSettings = {
				ASSETCATALOG_COMPILER_APPICON_NAME = AppIcon;
				CODE_SIGN_IDENTITY = "iPhone Developer";
				"CODE_SIGN_IDENTITY[sdk=iphoneos*]" = "iPhone Developer";
				INFOPLIST_FILE = locationSaver/Info.plist;
				LD_RUNPATH_SEARCH_PATHS = "$(inherited) @executable_path/Frameworks";
				PRODUCT_BUNDLE_IDENTIFIER = TB.locationSaver;
				PRODUCT_NAME = "$(TARGET_NAME)";
				PROVISIONING_PROFILE = "";
			};
			name = Release;
		};
		FD1236DA1DBBD6DC005648F2 /* Debug */ = {
			isa = XCBuildConfiguration;
			baseConfigurationReference = ABB17C01DF59C6AAD238D427 /* Pods-locationSaverTests.debug.xcconfig */;
			buildSettings = {
				BUNDLE_LOADER = "$(TEST_HOST)";
				INFOPLIST_FILE = locationSaverTests/Info.plist;
				LD_RUNPATH_SEARCH_PATHS = "$(inherited) @executable_path/Frameworks @loader_path/Frameworks";
				PRODUCT_BUNDLE_IDENTIFIER = TB.locationSaverTests;
				PRODUCT_NAME = "$(TARGET_NAME)";
				TEST_HOST = "$(BUILT_PRODUCTS_DIR)/locationSaver.app/locationSaver";
			};
			name = Debug;
		};
		FD1236DB1DBBD6DC005648F2 /* Release */ = {
			isa = XCBuildConfiguration;
			baseConfigurationReference = CABC6F6BEE081EE966C3917F /* Pods-locationSaverTests.release.xcconfig */;
			buildSettings = {
				BUNDLE_LOADER = "$(TEST_HOST)";
				INFOPLIST_FILE = locationSaverTests/Info.plist;
				LD_RUNPATH_SEARCH_PATHS = "$(inherited) @executable_path/Frameworks @loader_path/Frameworks";
				PRODUCT_BUNDLE_IDENTIFIER = TB.locationSaverTests;
				PRODUCT_NAME = "$(TARGET_NAME)";
				TEST_HOST = "$(BUILT_PRODUCTS_DIR)/locationSaver.app/locationSaver";
			};
			name = Release;
		};
		FD1236DD1DBBD6DC005648F2 /* Debug */ = {
			isa = XCBuildConfiguration;
			buildSettings = {
				INFOPLIST_FILE = locationSaverUITests/Info.plist;
				LD_RUNPATH_SEARCH_PATHS = "$(inherited) @executable_path/Frameworks @loader_path/Frameworks";
				PRODUCT_BUNDLE_IDENTIFIER = TB.locationSaverUITests;
				PRODUCT_NAME = "$(TARGET_NAME)";
				TEST_TARGET_NAME = locationSaver;
				USES_XCTRUNNER = YES;
			};
			name = Debug;
		};
		FD1236DE1DBBD6DC005648F2 /* Release */ = {
			isa = XCBuildConfiguration;
			buildSettings = {
				INFOPLIST_FILE = locationSaverUITests/Info.plist;
				LD_RUNPATH_SEARCH_PATHS = "$(inherited) @executable_path/Frameworks @loader_path/Frameworks";
				PRODUCT_BUNDLE_IDENTIFIER = TB.locationSaverUITests;
				PRODUCT_NAME = "$(TARGET_NAME)";
				TEST_TARGET_NAME = locationSaver;
				USES_XCTRUNNER = YES;
			};
			name = Release;
		};
/* End XCBuildConfiguration section */

/* Begin XCConfigurationList section */
		FD1236A41DBBD6DC005648F2 /* Build configuration list for PBXProject "locationSaver" */ = {
			isa = XCConfigurationList;
			buildConfigurations = (
				FD1236D41DBBD6DC005648F2 /* Debug */,
				FD1236D51DBBD6DC005648F2 /* Release */,
			);
			defaultConfigurationIsVisible = 0;
			defaultConfigurationName = Release;
		};
		FD1236D61DBBD6DC005648F2 /* Build configuration list for PBXNativeTarget "locationSaver" */ = {
			isa = XCConfigurationList;
			buildConfigurations = (
				FD1236D71DBBD6DC005648F2 /* Debug */,
				FD1236D81DBBD6DC005648F2 /* Release */,
			);
			defaultConfigurationIsVisible = 0;
			defaultConfigurationName = Release;
		};
		FD1236D91DBBD6DC005648F2 /* Build configuration list for PBXNativeTarget "locationSaverTests" */ = {
			isa = XCConfigurationList;
			buildConfigurations = (
				FD1236DA1DBBD6DC005648F2 /* Debug */,
				FD1236DB1DBBD6DC005648F2 /* Release */,
			);
			defaultConfigurationIsVisible = 0;
			defaultConfigurationName = Release;
		};
		FD1236DC1DBBD6DC005648F2 /* Build configuration list for PBXNativeTarget "locationSaverUITests" */ = {
			isa = XCConfigurationList;
			buildConfigurations = (
				FD1236DD1DBBD6DC005648F2 /* Debug */,
				FD1236DE1DBBD6DC005648F2 /* Release */,
			);
			defaultConfigurationIsVisible = 0;
			defaultConfigurationName = Release;
		};
/* End XCConfigurationList section */
	};
	rootObject = FD1236A11DBBD6DC005648F2 /* Project object */;
}
